
Microsoft Visual Studio Solution File, Format Version 12.00
# Visual Studio Version 16
VisualStudioVersion = 16.0.31410.357
MinimumVisualStudioVersion = 10.0.40219.1
Project("{9A19103F-16F7-4668-BE54-9A1E7A4F7556}") = "AuthorizationServer", "AuthorizationServer\AuthorizationServer.csproj", "{C21D787F-CEE8-42E0-92FA-62C073A05AAB}"
EndProject
Project("{FAE04EC0-301F-11D3-BF4B-00C04F79EFBC}") = "RestApi", "RestApi\RestApi.csproj", "{7AC5A253-CC3F-4A69-A39D-D59E22DF89C2}"
EndProject
Project("{FAE04EC0-301F-11D3-BF4B-00C04F79EFBC}") = "HttpBearerChallenge", "HttpBearerChallenge\HttpBearerChallenge.csproj", "{ED4515D8-5ECE-46B3-A22F-F9C23065CC30}"
EndProject
Global
	GlobalSection(SolutionConfigurationPlatforms) = preSolution
		Debug|Any CPU = Debug|Any CPU
		Release|Any CPU = Release|Any CPU
	EndGlobalSection
	GlobalSection(ProjectConfigurationPlatforms) = postSolution
		{C21D787F-CEE8-42E0-92FA-62C073A05AAB}.Debug|Any CPU.ActiveCfg = Debug|Any CPU
		{C21D787F-CEE8-42E0-92FA-62C073A05AAB}.Debug|Any CPU.Build.0 = Debug|Any CPU
		{C21D787F-CEE8-42E0-92FA-62C073A05AAB}.Release|Any CPU.ActiveCfg = Release|Any CPU
		{C21D787F-CEE8-42E0-92FA-62C073A05AAB}.Release|Any CPU.Build.0 = Release|Any CPU
		{7AC5A253-CC3F-4A69-A39D-D59E22DF89C2}.Debug|Any CPU.ActiveCfg = Debug|Any CPU
		{7AC5A253-CC3F-4A69-A39D-D59E22DF89C2}.Debug|Any CPU.Build.0 = Debug|Any CPU
		{7AC5A253-CC3F-4A69-A39D-D59E22DF89C2}.Release|Any CPU.ActiveCfg = Release|Any CPU
		{7AC5A253-CC3F-4A69-A39D-D59E22DF89C2}.Release|Any CPU.Build.0 = Release|Any CPU
		{ED4515D8-5ECE-46B3-A22F-F9C23065CC30}.Debug|Any CPU.ActiveCfg = Debug|Any CPU
		{ED4515D8-5ECE-46B3-A22F-F9C23065CC30}.Debug|Any CPU.Build.0 = Debug|Any CPU
		{ED4515D8-5ECE-46B3-A22F-F9C23065CC30}.Release|Any CPU.ActiveCfg = Release|Any CPU
		{ED4515D8-5ECE-46B3-A22F-F9C23065CC30}.Release|Any CPU.Build.0 = Release|Any CPU
	EndGlobalSection
	GlobalSection(SolutionProperties) = preSolution
		HideSolutionNode = FALSE
	EndGlobalSection
	GlobalSection(ExtensibilityGlobals) = postSolution
		SolutionGuid = {93C92B3C-DD05-4465-9F09-2DE91FD47DC4}
	EndGlobalSection
EndGlobal
